PODS:
  - AppAuth (1.7.5):
    - AppAuth/Core (= 1.7.5)
    - AppAuth/ExternalUserAgent (= 1.7.5)
  - AppAuth/Core (1.7.5)
  - AppAuth/ExternalUserAgent (1.7.5):
    - AppAuth/Core
  - Base64 (1.1.2)
  - JWT (2.2.0):
    - Base64 (~> 1.1.2)
  - vantiq-sdk-ios (1.4.8)
  - vantiq-ui-ios (0.1.7):
    - AppAuth (~> 1.7.5)
    - Base64 (~> 1.1.2)
    - JWT (~> 2.2.0)
    - vantiq-sdk-ios (~> 1.4.8)

DEPENDENCIES:
  - AppAuth (~> 1.7.5)
  - Base64 (~> 1.1.2)
  - JWT (~> 2.2.0)
  - vantiq-sdk-ios (~> 1.4.8)
  - vantiq-ui-ios (from `../`)

SPEC REPOS:
  trunk:
    - AppAuth
    - Base64
    - JWT
    - vantiq-sdk-ios

EXTERNAL SOURCES:
  vantiq-ui-ios:
    :path: "../"

SPEC CHECKSUMS:
  AppAuth: 501c04eda8a8d11f179dbe8637b7a91bb7e5d2fa
  Base64: cecfb41a004124895a7bcee567a89bae5a89d49b
  JWT: cf73c0ab0dac762df3de8a3f1164352089d97780
  vantiq-sdk-ios: 90af5138a67e6f003347b7e390221514c16d8e2f
  vantiq-ui-ios: 61cca9924cce9bdcfdb3d7d45df73f2a671ba0c9

PODFILE CHECKSUM: 7cc47a899d2ef2cbf4259a70ca1c5ee98727d274

COCOAPODS: 1.15.2
